
Microsoft Visual Studio Solution File, Format Version 10.00
# Visual C# Express 2008
Project("{FAE04EC0-301F-11D3-BF4B-00C04F79EFBC}") = "Shoota", "Shoota\Shoota.csproj", "{ECEEEB41-9F10-4848-820E-6C29E19C0BC8}"
EndProject
Global
	GlobalSection(SolutionConfigurationPlatforms) = preSolution
		Debug|Mixed Platforms = Debug|Mixed Platforms
		Debug|x86 = Debug|x86
		Debug|Zune = Debug|Zune
		Release|Mixed Platforms = Release|Mixed Platforms
		Release|x86 = Release|x86
		Release|Zune = Release|Zune
	EndGlobalSection
	GlobalSection(ProjectConfigurationPlatforms) = postSolution
		{ECEEEB41-9F10-4848-820E-6C29E19C0BC8}.Debug|Mixed Platforms.ActiveCfg = Debug|x86
		{ECEEEB41-9F10-4848-820E-6C29E19C0BC8}.Debug|Mixed Platforms.Build.0 = Debug|x86
		{ECEEEB41-9F10-4848-820E-6C29E19C0BC8}.Debug|x86.ActiveCfg = Debug|x86
		{ECEEEB41-9F10-4848-820E-6C29E19C0BC8}.Debug|x86.Build.0 = Debug|x86
		{ECEEEB41-9F10-4848-820E-6C29E19C0BC8}.Debug|Zune.ActiveCfg = Debug|x86
		{ECEEEB41-9F10-4848-820E-6C29E19C0BC8}.Release|Mixed Platforms.ActiveCfg = Release|x86
		{ECEEEB41-9F10-4848-820E-6C29E19C0BC8}.Release|Mixed Platforms.Build.0 = Release|x86
		{ECEEEB41-9F10-4848-820E-6C29E19C0BC8}.Release|x86.ActiveCfg = Release|x86
		{ECEEEB41-9F10-4848-820E-6C29E19C0BC8}.Release|x86.Build.0 = Release|x86
		{ECEEEB41-9F10-4848-820E-6C29E19C0BC8}.Release|Zune.ActiveCfg = Release|x86
		{C1A0F868-4BE2-4C4F-A759-D357255542C5}.Debug|Mixed Platforms.ActiveCfg = Debug|x86
		{C1A0F868-4BE2-4C4F-A759-D357255542C5}.Debug|x86.ActiveCfg = Debug|x86
		{C1A0F868-4BE2-4C4F-A759-D357255542C5}.Debug|Zune.ActiveCfg = Debug|x86
		{C1A0F868-4BE2-4C4F-A759-D357255542C5}.Release|Mixed Platforms.ActiveCfg = Release|x86
		{C1A0F868-4BE2-4C4F-A759-D357255542C5}.Release|x86.ActiveCfg = Release|x86
		{C1A0F868-4BE2-4C4F-A759-D357255542C5}.Release|Zune.ActiveCfg = Release|x86
	EndGlobalSection
	GlobalSection(SolutionProperties) = preSolution
		HideSolutionNode = FALSE
	EndGlobalSection
EndGlobal
